
Microsoft Visual Studio Solution File, Format Version 12.00
Project("{2150E333-8FDC-42A3-9474-1A3956D46DE8}") = "Services", "Services", "{9273B865-A1C1-4DE4-8B38-7E0D8DD55E65}"
EndProject
Project("{FAE04EC0-301F-11D3-BF4B-00C04F79EFBC}") = "ConfigAgent.API", "Services\ConfigAgent.API\ConfigAgent.API.csproj", "{75FE387F-EF53-47BB-A920-B610F5AFF537}"
EndProject
Project("{FAE04EC0-301F-11D3-BF4B-00C04F79EFBC}") = "RedisAgent.API", "Services\RedisAgent.API\RedisAgent.API.csproj", "{D8CBAD00-F764-424D-9ADF-668733FA32CE}"
EndProject
Project("{FAE04EC0-301F-11D3-BF4B-00C04F79EFBC}") = "MemcachedAgent.API", "Services\MemcachedAgent.API\MemcachedAgent.API.csproj", "{65AAC0A5-7660-477B-B49C-216F5D73F3C0}"
EndProject
Project("{FAE04EC0-301F-11D3-BF4B-00C04F79EFBC}") = "SQLServerAgent.API", "Services\SQLServerAgent.API\SQLServerAgent.API.csproj", "{5584B8F9-2B42-49BC-9091-42E85C78D560}"
EndProject
Project("{FAE04EC0-301F-11D3-BF4B-00C04F79EFBC}") = "ExperimentAgent.API", "Services\ExperimentAgent.API\ExperimentAgent.API.csproj", "{B9BC7CCA-39DE-45FA-8822-5C04B47621D6}"
EndProject
Project("{2150E333-8FDC-42A3-9474-1A3956D46DE8}") = "Solution Items", "Solution Items", "{CCC24411-59D9-4639-AB94-4FDE5B8D312B}"
	ProjectSection(SolutionItems) = preProject
		docker-compose.yml = docker-compose.yml
	EndProjectSection
EndProject
Project("{2150E333-8FDC-42A3-9474-1A3956D46DE8}") = "BuildingBlocks", "BuildingBlocks", "{53302B42-4661-4684-AC09-59BAF62C931E}"
EndProject
Project("{FAE04EC0-301F-11D3-BF4B-00C04F79EFBC}") = "EventBus.Messages", "Services\BuildingBlocks\EventBus.Messages\EventBus.Messages.csproj", "{076C80AB-0072-45AB-80A1-57FAB72101AF}"
EndProject
Global
	GlobalSection(SolutionConfigurationPlatforms) = preSolution
		Debug|Any CPU = Debug|Any CPU
		Release|Any CPU = Release|Any CPU
	EndGlobalSection
	GlobalSection(NestedProjects) = preSolution
		{75FE387F-EF53-47BB-A920-B610F5AFF537} = {9273B865-A1C1-4DE4-8B38-7E0D8DD55E65}
		{D8CBAD00-F764-424D-9ADF-668733FA32CE} = {9273B865-A1C1-4DE4-8B38-7E0D8DD55E65}
		{65AAC0A5-7660-477B-B49C-216F5D73F3C0} = {9273B865-A1C1-4DE4-8B38-7E0D8DD55E65}
		{5584B8F9-2B42-49BC-9091-42E85C78D560} = {9273B865-A1C1-4DE4-8B38-7E0D8DD55E65}
		{B9BC7CCA-39DE-45FA-8822-5C04B47621D6} = {9273B865-A1C1-4DE4-8B38-7E0D8DD55E65}
		{53302B42-4661-4684-AC09-59BAF62C931E} = {9273B865-A1C1-4DE4-8B38-7E0D8DD55E65}
		{076C80AB-0072-45AB-80A1-57FAB72101AF} = {53302B42-4661-4684-AC09-59BAF62C931E}
	EndGlobalSection
	GlobalSection(ProjectConfigurationPlatforms) = postSolution
		{75FE387F-EF53-47BB-A920-B610F5AFF537}.Debug|Any CPU.ActiveCfg = Debug|Any CPU
		{75FE387F-EF53-47BB-A920-B610F5AFF537}.Debug|Any CPU.Build.0 = Debug|Any CPU
		{75FE387F-EF53-47BB-A920-B610F5AFF537}.Release|Any CPU.ActiveCfg = Release|Any CPU
		{75FE387F-EF53-47BB-A920-B610F5AFF537}.Release|Any CPU.Build.0 = Release|Any CPU
		{D8CBAD00-F764-424D-9ADF-668733FA32CE}.Debug|Any CPU.ActiveCfg = Debug|Any CPU
		{D8CBAD00-F764-424D-9ADF-668733FA32CE}.Debug|Any CPU.Build.0 = Debug|Any CPU
		{D8CBAD00-F764-424D-9ADF-668733FA32CE}.Release|Any CPU.ActiveCfg = Release|Any CPU
		{D8CBAD00-F764-424D-9ADF-668733FA32CE}.Release|Any CPU.Build.0 = Release|Any CPU
		{65AAC0A5-7660-477B-B49C-216F5D73F3C0}.Debug|Any CPU.ActiveCfg = Debug|Any CPU
		{65AAC0A5-7660-477B-B49C-216F5D73F3C0}.Debug|Any CPU.Build.0 = Debug|Any CPU
		{65AAC0A5-7660-477B-B49C-216F5D73F3C0}.Release|Any CPU.ActiveCfg = Release|Any CPU
		{65AAC0A5-7660-477B-B49C-216F5D73F3C0}.Release|Any CPU.Build.0 = Release|Any CPU
		{5584B8F9-2B42-49BC-9091-42E85C78D560}.Debug|Any CPU.ActiveCfg = Debug|Any CPU
		{5584B8F9-2B42-49BC-9091-42E85C78D560}.Debug|Any CPU.Build.0 = Debug|Any CPU
		{5584B8F9-2B42-49BC-9091-42E85C78D560}.Release|Any CPU.ActiveCfg = Release|Any CPU
		{5584B8F9-2B42-49BC-9091-42E85C78D560}.Release|Any CPU.Build.0 = Release|Any CPU
		{B9BC7CCA-39DE-45FA-8822-5C04B47621D6}.Debug|Any CPU.ActiveCfg = Debug|Any CPU
		{B9BC7CCA-39DE-45FA-8822-5C04B47621D6}.Debug|Any CPU.Build.0 = Debug|Any CPU
		{B9BC7CCA-39DE-45FA-8822-5C04B47621D6}.Release|Any CPU.ActiveCfg = Release|Any CPU
		{B9BC7CCA-39DE-45FA-8822-5C04B47621D6}.Release|Any CPU.Build.0 = Release|Any CPU
		{076C80AB-0072-45AB-80A1-57FAB72101AF}.Debug|Any CPU.ActiveCfg = Debug|Any CPU
		{076C80AB-0072-45AB-80A1-57FAB72101AF}.Debug|Any CPU.Build.0 = Debug|Any CPU
		{076C80AB-0072-45AB-80A1-57FAB72101AF}.Release|Any CPU.ActiveCfg = Release|Any CPU
		{076C80AB-0072-45AB-80A1-57FAB72101AF}.Release|Any CPU.Build.0 = Release|Any CPU
	EndGlobalSection
EndGlobal
